# This file is automatically @generated by Poetry 2.1.3 and should not be changed by hand.

[[package]]
name = "colorama"
version = "0.4.6"
description = "Cross-platform colored terminal text."
optional = false
python-versions = "!=3.0.*,!=3.1.*,!=3.2.*,!=3.3.*,!=3.4.*,!=3.5.*,!=3.6.*,>=2.7"
groups = ["dev"]
markers = "sys_platform == \"win32\""
files = [
    {file = "colorama-0.4.6-py2.py3-none-any.whl", hash = "sha256:4f1d9991f5acc0ca119f9d443620b77f9d6b33703e51011c16baf57afb285fc6"},
    {file = "colorama-0.4.6.tar.gz", hash = "sha256:08695f5cb7ed6e0531a20572697297273c47b8cae5a63ffc6d6ed5c201be6e44"},
]

[[package]]
name = "coverage"
version = "7.10.2"
description = "Code coverage measurement for Python"
optional = false
python-versions = ">=3.9"
groups = ["dev"]
files = [
    {file = "coverage-7.10.2-cp310-cp310-macosx_10_9_x86_64.whl", hash = "sha256:79f0283ab5e6499fd5fe382ca3d62afa40fb50ff227676a3125d18af70eabf65"},
    {file = "coverage-7.10.2-cp310-cp310-macosx_11_0_arm64.whl", hash = "sha256:e4545e906f595ee8ab8e03e21be20d899bfc06647925bc5b224ad7e8c40e08b8"},
    {file = "coverage-7.10.2-cp310-cp310-manylinux1_i686.manylinux_2_28_i686.manylinux_2_5_i686.whl", hash = "sha256:ae385e1d58fbc6a9b1c315e5510ac52281e271478b45f92ca9b5ad42cf39643f"},
    {file = "coverage-7.10.2-cp310-cp310-manylinux1_x86_64.manylinux_2_28_x86_64.manylinux_2_5_x86_64.whl", hash = "sha256:6f0cbe5f7dd19f3a32bac2251b95d51c3b89621ac88a2648096ce40f9a5aa1e7"},
    {file = "coverage-7.10.2-cp310-cp310-manylinux2014_aarch64.manylinux_2_17_aarch64.manylinux_2_28_aarch64.whl", hash = "sha256:fd17f427f041f6b116dc90b4049c6f3e1230524407d00daa2d8c7915037b5947"},
    {file = "coverage-7.10.2-cp310-cp310-musllinux_1_2_aarch64.whl", hash = "sha256:7f10ca4cde7b466405cce0a0e9971a13eb22e57a5ecc8b5f93a81090cc9c7eb9"},
    {file = "coverage-7.10.2-cp310-cp310-musllinux_1_2_i686.whl", hash = "sha256:3b990df23dd51dccce26d18fb09fd85a77ebe46368f387b0ffba7a74e470b31b"},
    {file = "coverage-7.10.2-cp310-cp310-musllinux_1_2_x86_64.whl", hash = "sha256:cc3902584d25c7eef57fb38f440aa849a26a3a9f761a029a72b69acfca4e31f8"},
    {file = "coverage-7.10.2-cp310-cp310-win32.whl", hash = "sha256:9dd37e9ac00d5eb72f38ed93e3cdf2280b1dbda3bb9b48c6941805f265ad8d87"},
    {file = "coverage-7.10.2-cp310-cp310-win_amd64.whl", hash = "sha256:99d16f15cb5baf0729354c5bd3080ae53847a4072b9ba1e10957522fb290417f"},
    {file = "coverage-7.10.2-cp311-cp311-macosx_10_9_x86_64.whl", hash = "sha256:2c3b210d79925a476dfc8d74c7d53224888421edebf3a611f3adae923e212b27"},
    {file = "coverage-7.10.2-cp311-cp311-macosx_11_0_arm64.whl", hash = "sha256:bf67d1787cd317c3f8b2e4c6ed1ae93497be7e30605a0d32237ac37a37a8a322"},
    {file = "coverage-7.10.2-cp311-cp311-manylinux1_i686.manylinux_2_28_i686.manylinux_2_5_i686.whl", hash = "sha256:069b779d03d458602bc0e27189876e7d8bdf6b24ac0f12900de22dd2154e6ad7"},
    {file = "coverage-7.10.2-cp311-cp311-manylinux1_x86_64.manylinux_2_28_x86_64.manylinux_2_5_x86_64.whl", hash = "sha256:4c2de4cb80b9990e71c62c2d3e9f3ec71b804b1f9ca4784ec7e74127e0f42468"},
    {file = "coverage-7.10.2-cp311-cp311-manylinux2014_aarch64.manylinux_2_17_aarch64.manylinux_2_28_aarch64.whl", hash = "sha256:75bf7ab2374a7eb107602f1e07310cda164016cd60968abf817b7a0b5703e288"},
    {file = "coverage-7.10.2-cp311-cp311-musllinux_1_2_aarch64.whl", hash = "sha256:3f37516458ec1550815134937f73d6d15b434059cd10f64678a2068f65c62406"},
    {file = "coverage-7.10.2-cp311-cp311-musllinux_1_2_i686.whl", hash = "sha256:de3c6271c482c250d3303fb5c6bdb8ca025fff20a67245e1425df04dc990ece9"},
    {file = "coverage-7.10.2-cp311-cp311-musllinux_1_2_x86_64.whl", hash = "sha256:98a838101321ac3089c9bb1d4bfa967e8afed58021fda72d7880dc1997f20ae1"},
    {file = "coverage-7.10.2-cp311-cp311-win32.whl", hash = "sha256:f2a79145a531a0e42df32d37be5af069b4a914845b6f686590739b786f2f7bce"},
    {file = "coverage-7.10.2-cp311-cp311-win_amd64.whl", hash = "sha256:e4f5f1320f8ee0d7cfa421ceb257bef9d39fd614dd3ddcfcacd284d4824ed2c2"},
    {file = "coverage-7.10.2-cp311-cp311-win_arm64.whl", hash = "sha256:d8f2d83118f25328552c728b8e91babf93217db259ca5c2cd4dd4220b8926293"},
    {file = "coverage-7.10.2-cp312-cp312-macosx_10_13_x86_64.whl", hash = "sha256:890ad3a26da9ec7bf69255b9371800e2a8da9bc223ae5d86daeb940b42247c83"},
    {file = "coverage-7.10.2-cp312-cp312-macosx_11_0_arm64.whl", hash = "sha256:38fd1ccfca7838c031d7a7874d4353e2f1b98eb5d2a80a2fe5732d542ae25e9c"},
    {file = "coverage-7.10.2-cp312-cp312-manylinux1_i686.manylinux_2_28_i686.manylinux_2_5_i686.whl", hash = "sha256:76c1ffaaf4f6f0f6e8e9ca06f24bb6454a7a5d4ced97a1bc466f0d6baf4bd518"},
    {file = "coverage-7.10.2-cp312-cp312-manylinux1_x86_64.manylinux_2_28_x86_64.manylinux_2_5_x86_64.whl", hash = "sha256:86da8a3a84b79ead5c7d0e960c34f580bc3b231bb546627773a3f53c532c2f21"},
    {file = "coverage-7.10.2-cp312-cp312-manylinux2014_aarch64.manylinux_2_17_aarch64.manylinux_2_28_aarch64.whl", hash = "sha256:99cef9731c8a39801830a604cc53c93c9e57ea8b44953d26589499eded9576e0"},
    {file = "coverage-7.10.2-cp312-cp312-musllinux_1_2_aarch64.whl", hash = "sha256:ea58b112f2966a8b91eb13f5d3b1f8bb43c180d624cd3283fb33b1cedcc2dd75"},
    {file = "coverage-7.10.2-cp312-cp312-musllinux_1_2_i686.whl", hash = "sha256:20f405188d28da9522b7232e51154e1b884fc18d0b3a10f382d54784715bbe01"},
    {file = "coverage-7.10.2-cp312-cp312-musllinux_1_2_x86_64.whl", hash = "sha256:64586ce42bbe0da4d9f76f97235c545d1abb9b25985a8791857690f96e23dc3b"},
    {file = "coverage-7.10.2-cp312-cp312-win32.whl", hash = "sha256:bc2e69b795d97ee6d126e7e22e78a509438b46be6ff44f4dccbb5230f550d340"},
    {file = "coverage-7.10.2-cp312-cp312-win_amd64.whl", hash = "sha256:adda2268b8cf0d11f160fad3743b4dfe9813cd6ecf02c1d6397eceaa5b45b388"},
    {file = "coverage-7.10.2-cp312-cp312-win_arm64.whl", hash = "sha256:164429decd0d6b39a0582eaa30c67bf482612c0330572343042d0ed9e7f15c20"},
    {file = "coverage-7.10.2-cp313-cp313-macosx_10_13_x86_64.whl", hash = "sha256:aca7b5645afa688de6d4f8e89d30c577f62956fefb1bad021490d63173874186"},
    {file = "coverage-7.10.2-cp313-cp313-macosx_11_0_arm64.whl", hash = "sha256:96e5921342574a14303dfdb73de0019e1ac041c863743c8fe1aa6c2b4a257226"},
    {file = "coverage-7.10.2-cp313-cp313-manylinux1_i686.manylinux_2_28_i686.manylinux_2_5_i686.whl", hash = "sha256:11333094c1bff621aa811b67ed794865cbcaa99984dedea4bd9cf780ad64ecba"},
    {file = "coverage-7.10.2-cp313-cp313-manylinux1_x86_64.manylinux_2_28_x86_64.manylinux_2_5_x86_64.whl", hash = "sha256:6eb586fa7d2aee8d65d5ae1dd71414020b2f447435c57ee8de8abea0a77d5074"},
    {file = "coverage-7.10.2-cp313-cp313-manylinux2014_aarch64.manylinux_2_17_aarch64.manylinux_2_28_aarch64.whl", hash = "sha256:2d358f259d8019d4ef25d8c5b78aca4c7af25e28bd4231312911c22a0e824a57"},
    {file = "coverage-7.10.2-cp313-cp313-musllinux_1_2_aarch64.whl", hash = "sha256:5250bda76e30382e0a2dcd68d961afcab92c3a7613606e6269855c6979a1b0bb"},
    {file = "coverage-7.10.2-cp313-cp313-musllinux_1_2_i686.whl", hash = "sha256:a91e027d66eff214d88d9afbe528e21c9ef1ecdf4956c46e366c50f3094696d0"},
    {file = "coverage-7.10.2-cp313-cp313-musllinux_1_2_x86_64.whl", hash = "sha256:228946da741558904e2c03ce870ba5efd9cd6e48cbc004d9a27abee08100a15a"},
    {file = "coverage-7.10.2-cp313-cp313-win32.whl", hash = "sha256:95e23987b52d02e7c413bf2d6dc6288bd5721beb518052109a13bfdc62c8033b"},
    {file = "coverage-7.10.2-cp313-cp313-win_amd64.whl", hash = "sha256:f35481d42c6d146d48ec92d4e239c23f97b53a3f1fbd2302e7c64336f28641fe"},
    {file = "coverage-7.10.2-cp313-cp313-win_arm64.whl", hash = "sha256:65b451949cb789c346f9f9002441fc934d8ccedcc9ec09daabc2139ad13853f7"},
    {file = "coverage-7.10.2-cp313-cp313t-macosx_10_13_x86_64.whl", hash = "sha256:e8415918856a3e7d57a4e0ad94651b761317de459eb74d34cc1bb51aad80f07e"},
    {file = "coverage-7.10.2-cp313-cp313t-macosx_11_0_arm64.whl", hash = "sha256:f287a25a8ca53901c613498e4a40885b19361a2fe8fbfdbb7f8ef2cad2a23f03"},
    {file = "coverage-7.10.2-cp313-cp313t-manylinux1_i686.manylinux_2_28_i686.manylinux_2_5_i686.whl", hash = "sha256:75cc1a3f8c88c69bf16a871dab1fe5a7303fdb1e9f285f204b60f1ee539b8fc0"},
    {file = "coverage-7.10.2-cp313-cp313t-manylinux1_x86_64.manylinux_2_28_x86_64.manylinux_2_5_x86_64.whl", hash = "sha256:ca07fa78cc9d26bc8c4740de1abd3489cf9c47cc06d9a8ab3d552ff5101af4c0"},
    {file = "coverage-7.10.2-cp313-cp313t-manylinux2014_aarch64.manylinux_2_17_aarch64.manylinux_2_28_aarch64.whl", hash = "sha256:c2e117e64c26300032755d4520cd769f2623cde1a1d1c3515b05a3b8add0ade1"},
    {file = "coverage-7.10.2-cp313-cp313t-musllinux_1_2_aarch64.whl", hash = "sha256:daaf98009977f577b71f8800208f4d40d4dcf5c2db53d4d822787cdc198d76e1"},
    {file = "coverage-7.10.2-cp313-cp313t-musllinux_1_2_i686.whl", hash = "sha256:ea8d8fe546c528535c761ba424410bbeb36ba8a0f24be653e94b70c93fd8a8ca"},
    {file = "coverage-7.10.2-cp313-cp313t-musllinux_1_2_x86_64.whl", hash = "sha256:fe024d40ac31eb8d5aae70215b41dafa264676caa4404ae155f77d2fa95c37bb"},
    {file = "coverage-7.10.2-cp313-cp313t-win32.whl", hash = "sha256:8f34b09f68bdadec122ffad312154eda965ade433559cc1eadd96cca3de5c824"},
    {file = "coverage-7.10.2-cp313-cp313t-win_amd64.whl", hash = "sha256:71d40b3ac0f26fa9ffa6ee16219a714fed5c6ec197cdcd2018904ab5e75bcfa3"},
    {file = "coverage-7.10.2-cp313-cp313t-win_arm64.whl", hash = "sha256:abb57fdd38bf6f7dcc66b38dafb7af7c5fdc31ac6029ce373a6f7f5331d6f60f"},
    {file = "coverage-7.10.2-cp314-cp314-macosx_10_13_x86_64.whl", hash = "sha256:a3e853cc04987c85ec410905667eed4bf08b1d84d80dfab2684bb250ac8da4f6"},
    {file = "coverage-7.10.2-cp314-cp314-macosx_11_0_arm64.whl", hash = "sha256:0100b19f230df72c90fdb36db59d3f39232391e8d89616a7de30f677da4f532b"},
    {file = "coverage-7.10.2-cp314-cp314-manylinux1_i686.manylinux_2_28_i686.manylinux_2_5_i686.whl", hash = "sha256:9c1cd71483ea78331bdfadb8dcec4f4edfb73c7002c1206d8e0af6797853f5be"},
    {file = "coverage-7.10.2-cp314-cp314-manylinux1_x86_64.manylinux_2_28_x86_64.manylinux_2_5_x86_64.whl", hash = "sha256:9f75dbf4899e29a37d74f48342f29279391668ef625fdac6d2f67363518056a1"},
    {file = "coverage-7.10.2-cp314-cp314-manylinux2014_aarch64.manylinux_2_17_aarch64.manylinux_2_28_aarch64.whl", hash = "sha256:a7df481e7508de1c38b9b8043da48d94931aefa3e32b47dd20277e4978ed5b95"},
    {file = "coverage-7.10.2-cp314-cp314-musllinux_1_2_aarch64.whl", hash = "sha256:835f39e618099325e7612b3406f57af30ab0a0af350490eff6421e2e5f608e46"},
    {file = "coverage-7.10.2-cp314-cp314-musllinux_1_2_i686.whl", hash = "sha256:12e52b5aa00aa720097d6947d2eb9e404e7c1101ad775f9661ba165ed0a28303"},
    {file = "coverage-7.10.2-cp314-cp314-musllinux_1_2_x86_64.whl", hash = "sha256:718044729bf1fe3e9eb9f31b52e44ddae07e434ec050c8c628bf5adc56fe4bdd"},
    {file = "coverage-7.10.2-cp314-cp314-win32.whl", hash = "sha256:f256173b48cc68486299d510a3e729a96e62c889703807482dbf56946befb5c8"},
    {file = "coverage-7.10.2-cp314-cp314-win_amd64.whl", hash = "sha256:2e980e4179f33d9b65ac4acb86c9c0dde904098853f27f289766657ed16e07b3"},
    {file = "coverage-7.10.2-cp314-cp314-win_arm64.whl", hash = "sha256:14fb5b6641ab5b3c4161572579f0f2ea8834f9d3af2f7dd8fbaecd58ef9175cc"},
    {file = "coverage-7.10.2-cp314-cp314t-macosx_10_13_x86_64.whl", hash = "sha256:e96649ac34a3d0e6491e82a2af71098e43be2874b619547c3282fc11d3840a4b"},
    {file = "coverage-7.10.2-cp314-cp314t-macosx_11_0_arm64.whl", hash = "sha256:1a2e934e9da26341d342d30bfe91422bbfdb3f1f069ec87f19b2909d10d8dcc4"},
    {file = "coverage-7.10.2-cp314-cp314t-manylinux1_i686.manylinux_2_28_i686.manylinux_2_5_i686.whl", hash = "sha256:651015dcd5fd9b5a51ca79ece60d353cacc5beaf304db750407b29c89f72fe2b"},
    {file = "coverage-7.10.2-cp314-cp314t-manylinux1_x86_64.manylinux_2_28_x86_64.manylinux_2_5_x86_64.whl", hash = "sha256:81bf6a32212f9f66da03d63ecb9cd9bd48e662050a937db7199dbf47d19831de"},
    {file = "coverage-7.10.2-cp314-cp314t-manylinux2014_aarch64.manylinux_2_17_aarch64.manylinux_2_28_aarch64.whl", hash = "sha256:d800705f6951f75a905ea6feb03fff8f3ea3468b81e7563373ddc29aa3e5d1ca"},
    {file = "coverage-7.10.2-cp314-cp314t-musllinux_1_2_aarch64.whl", hash = "sha256:248b5394718e10d067354448dc406d651709c6765669679311170da18e0e9af8"},
    {file = "coverage-7.10.2-cp314-cp314t-musllinux_1_2_i686.whl", hash = "sha256:5c61675a922b569137cf943770d7ad3edd0202d992ce53ac328c5ff68213ccf4"},
    {file = "coverage-7.10.2-cp314-cp314t-musllinux_1_2_x86_64.whl", hash = "sha256:52d708b5fd65589461381fa442d9905f5903d76c086c6a4108e8e9efdca7a7ed"},
    {file = "coverage-7.10.2-cp314-cp314t-win32.whl", hash = "sha256:916369b3b914186b2c5e5ad2f7264b02cff5df96cdd7cdad65dccd39aa5fd9f0"},
    {file = "coverage-7.10.2-cp314-cp314t-win_amd64.whl", hash = "sha256:5b9d538e8e04916a5df63052d698b30c74eb0174f2ca9cd942c981f274a18eaf"},
    {file = "coverage-7.10.2-cp314-cp314t-win_arm64.whl", hash = "sha256:04c74f9ef1f925456a9fd23a7eef1103126186d0500ef9a0acb0bd2514bdc7cc"},
    {file = "coverage-7.10.2-cp39-cp39-macosx_10_9_x86_64.whl", hash = "sha256:765b13b164685a2f8b2abef867ad07aebedc0e090c757958a186f64e39d63dbd"},
    {file = "coverage-7.10.2-cp39-cp39-macosx_11_0_arm64.whl", hash = "sha256:a219b70100500d0c7fd3ebb824a3302efb6b1a122baa9d4eb3f43df8f0b3d899"},
    {file = "coverage-7.10.2-cp39-cp39-manylinux1_i686.manylinux_2_28_i686.manylinux_2_5_i686.whl", hash = "sha256:e33e79a219105aa315439ee051bd50b6caa705dc4164a5aba6932c8ac3ce2d98"},
    {file = "coverage-7.10.2-cp39-cp39-manylinux1_x86_64.manylinux_2_28_x86_64.manylinux_2_5_x86_64.whl", hash = "sha256:bc3945b7bad33957a9eca16e9e5eae4b17cb03173ef594fdaad228f4fc7da53b"},
    {file = "coverage-7.10.2-cp39-cp39-manylinux2014_aarch64.manylinux_2_17_aarch64.manylinux_2_28_aarch64.whl", hash = "sha256:9bdff88e858ee608a924acfad32a180d2bf6e13e059d6a7174abbae075f30436"},
    {file = "coverage-7.10.2-cp39-cp39-musllinux_1_2_aarch64.whl", hash = "sha256:44329cbed24966c0b49acb386352c9722219af1f0c80db7f218af7793d251902"},
    {file = "coverage-7.10.2-cp39-cp39-musllinux_1_2_i686.whl", hash = "sha256:be127f292496d0fbe20d8025f73221b36117b3587f890346e80a13b310712982"},
    {file = "coverage-7.10.2-cp39-cp39-musllinux_1_2_x86_64.whl", hash = "sha256:6c031da749a05f7a01447dd7f47beedb498edd293e31e1878c0d52db18787df0"},
    {file = "coverage-7.10.2-cp39-cp39-win32.whl", hash = "sha256:22aca3e691c7709c5999ccf48b7a8ff5cf5a8bd6fe9b36efbd4993f5a36b2fcf"},
    {file = "coverage-7.10.2-cp39-cp39-win_amd64.whl", hash = "sha256:c7195444b932356055a8e287fa910bf9753a84a1bc33aeb3770e8fca521e032e"},
    {file = "coverage-7.10.2-py3-none-any.whl", hash = "sha256:95db3750dd2e6e93d99fa2498f3a1580581e49c494bddccc6f85c5c21604921f"},
    {file = "coverage-7.10.2.tar.gz", hash = "sha256:5d6e6d84e6dd31a8ded64759626627247d676a23c1b892e1326f7c55c8d61055"},
]

[package.extras]
toml = ["tomli ; python_full_version <= \"3.11.0a6\""]

[[package]]
name = "eevent"
version = "0.3.1"
description = "Asyncio Events"
optional = false
python-versions = ">=3.12"
groups = ["main"]
files = [
    {file = "eevent-0.3.1-py3-none-any.whl", hash = "sha256:e3cee90c2acdc2d11bd3edd4f44e11983a55517314abc79fe38384d6339f6a96"},
    {file = "eevent-0.3.1.tar.gz", hash = "sha256:d4bf897ee79fa0fd50fca6d646662c038fee81c460191d217e3d9ba5406280cb"},
]

[[package]]
name = "egeometry"
version = "0.16.3"
description = "Python geometry library."
optional = false
python-versions = ">=3.12"
groups = ["main"]
files = [
    {file = "egeometry-0.16.3-cp312-cp312-macosx_10_13_x86_64.whl", hash = "sha256:fc0b111912da5c460236de34e7a05c9497398cbe614e5e2ab34a3576fec19b20"},
    {file = "egeometry-0.16.3-cp312-cp312-macosx_11_0_arm64.whl", hash = "sha256:4ef98ea97d9aa198245b05b58b1a94c23ef18f05e8d4d768b28885cd437c7ebb"},
    {file = "egeometry-0.16.3-cp312-cp312-manylinux1_x86_64.manylinux_2_28_x86_64.manylinux_2_5_x86_64.whl", hash = "sha256:022a629b0ce69579729f3a9e2317e39359e1faf12e800203795ca8b82ab02ec6"},
    {file = "egeometry-0.16.3-cp312-cp312-musllinux_1_2_x86_64.whl", hash = "sha256:ec4d8ac99e658ce0e8d70696057ff7e7eb1e35fc0892ee11cf46473d41411d90"},
    {file = "egeometry-0.16.3-cp312-cp312-win32.whl", hash = "sha256:86252d56cb282bf9d236df476877e3a3997ac3a71edaf96b30989eb27f2227ea"},
    {file = "egeometry-0.16.3-cp312-cp312-win_amd64.whl", hash = "sha256:072cabc7f51bdf4b9a35f26d67a0eee74a22f172da6ed9ec1e59a62276092cf5"},
    {file = "egeometry-0.16.3-cp313-cp313-macosx_10_13_x86_64.whl", hash = "sha256:34303ec5adf356145632c8cf6ca1200bc647da920c5317529d5cd4a82ada4335"},
    {file = "egeometry-0.16.3-cp313-cp313-macosx_11_0_arm64.whl", hash = "sha256:9382b29ee8d8d4b7a19a4442f4e672963cf1831dfbc61c7f3cfd63cb72105dd4"},
    {file = "egeometry-0.16.3-cp313-cp313-manylinux1_x86_64.manylinux_2_28_x86_64.manylinux_2_5_x86_64.whl", hash = "sha256:13d6d5ba8114043a54c3497f39e78844191053edf4d83fd8dc8d6ea5c1ddb36e"},
    {file = "egeometry-0.16.3-cp313-cp313-musllinux_1_2_x86_64.whl", hash = "sha256:7022bbb58036e0006040ed2a0123d5b070ca48a05efaf9ad532770fc987fd7cd"},
    {file = "egeometry-0.16.3-cp313-cp313-win32.whl", hash = "sha256:4f07df4433dae8e3a8accceb14b95fdc549128c7e821d4ca39de79a68ea806e6"},
    {file = "egeometry-0.16.3-cp313-cp313-win_amd64.whl", hash = "sha256:a91ed4b95d2eb5a9e534e23c2108b62690d82081be23bace4a73ed8818d7cf97"},
    {file = "egeometry-0.16.3-cp314-cp314-macosx_10_13_x86_64.whl", hash = "sha256:a8d5645c8e81ff4b0545190087fb47015490e0f04486cdfc9d7e6db54a716337"},
    {file = "egeometry-0.16.3-cp314-cp314-macosx_11_0_arm64.whl", hash = "sha256:5dddfbb4d36891cd45213da8f8014f6c125d4b5e2a7eaf9dadfdaeab6bce0da7"},
    {file = "egeometry-0.16.3-cp314-cp314-manylinux1_x86_64.manylinux_2_28_x86_64.manylinux_2_5_x86_64.whl", hash = "sha256:7da98eca2fabc290c0e562feefaad3efd5ca88a146d09f8557b736ad71d0987f"},
    {file = "egeometry-0.16.3-cp314-cp314-musllinux_1_2_x86_64.whl", hash = "sha256:a88f5bbba92e8c83457de4c9604aa7d763063c6e19d6b0c534a512354fa3a060"},
    {file = "egeometry-0.16.3-cp314-cp314-win32.whl", hash = "sha256:89435de1be5f6301fab64ae4cce93790b030334a12a59f96fafb9629d70bf303"},
    {file = "egeometry-0.16.3-cp314-cp314-win_amd64.whl", hash = "sha256:080ccff16c8b799e3ed6cf585acdf5d3ae80405fa55c185b344ad9c36cf9cf55"},
    {file = "egeometry-0.16.3.tar.gz", hash = "sha256:1709f1aef12a241be05823a5de0aeb622c7e3b1ebf8b2118fcc76ccb52483018"},
]

[package.dependencies]
emath = ">=0,<1"

[[package]]
name = "emath"
version = "0.3.1"
description = "Fast immutable math primitives."
optional = false
python-versions = ">=3.12"
groups = ["main"]
files = [
    {file = "emath-0.3.1-cp312-cp312-macosx_10_13_x86_64.whl", hash = "sha256:29063eac21fbc01f792d234a1da15da9649d48efd0607395e774ba38671342de"},
    {file = "emath-0.3.1-cp312-cp312-macosx_11_0_arm64.whl", hash = "sha256:271cbe7db92e5d6b60919580f6842fabc18ad82fea3185e476af6d3a0890468c"},
    {file = "emath-0.3.1-cp312-cp312-manylinux_2_24_x86_64.manylinux_2_28_x86_64.whl", hash = "sha256:06ac1467790ea2ee256aaf6a1b058b938c1353221b4a7ec1836e9cec6009816a"},
    {file = "emath-0.3.1-cp312-cp312-musllinux_1_2_x86_64.whl", hash = "sha256:cda9e30118e573a20309b31f5b41d9fc82b8234ddb396c6d70b0bec1d5b7145b"},
    {file = "emath-0.3.1-cp312-cp312-win32.whl", hash = "sha256:4e0ca1b433eaa52da2c6832502ad0e1958cd8bd9387429e20fc8dd84b7b866d6"},
    {file = "emath-0.3.1-cp312-cp312-win_amd64.whl", hash = "sha256:8f7ad68c753de052f734cd7babb644a8920d6c9da135288b2dc94520f7e011b5"},
    {file = "emath-0.3.1-cp313-cp313-macosx_10_13_x86_64.whl", hash = "sha256:4106c01b732df06476a6bbc60f7ac7896adb4495fe440efc8fab7320f8f3abbb"},
    {file = "emath-0.3.1-cp313-cp313-macosx_11_0_arm64.whl", hash = "sha256:ef309801de4831e84784e67dd0d4ba10a1c7961ce9ef40fffc90c696b5f227ab"},
    {file = "emath-0.3.1-cp313-cp313-manylinux_2_24_x86_64.manylinux_2_28_x86_64.whl", hash = "sha256:08c45b88259e7e116e36bf4aadb1f656ef3f13bb3d770bf004a7c8c187deb2de"},
    {file = "emath-0.3.1-cp313-cp313-musllinux_1_2_x86_64.whl", hash = "sha256:3df0c7f6bc10a980158ad0eec845efc3459376c99c0f7efc15678150574f12cc"},
    {file = "emath-0.3.1-cp313-cp313-win32.whl", hash = "sha256:f0152920be1f647ff7754eae402dafb7e35ce54304f36732d598c50191cd0d78"},
    {file = "emath-0.3.1-cp313-cp313-win_amd64.whl", hash = "sha256:f7f45a9df3f941ca1ef91d20e51675ad67c7aacacd41b5adb4fbbc72454c2a96"},
    {file = "emath-0.3.1-cp314-cp314-macosx_10_13_x86_64.whl", hash = "sha256:e89329856a10de10af1dad8b1f7ba77606909ddcc730725fa30cf6f6f2a4f707"},
    {file = "emath-0.3.1-cp314-cp314-macosx_11_0_arm64.whl", hash = "sha256:01ebdd41f7f0cbd84bb88255f1ca1416706ff328f2d25f873ba8999cbc96d66e"},
    {file = "emath-0.3.1-cp314-cp314-manylinux_2_24_x86_64.manylinux_2_28_x86_64.whl", hash = "sha256:ce7167429a4023be320e12504d3cbe462d5443997d655aaf49d0af316a77d3f0"},
    {file = "emath-0.3.1-cp314-cp314-musllinux_1_2_x86_64.whl", hash = "sha256:e34516574cd88d26420a50ea0854bce97c0cf1edc5ebf07d7d2fd89bc540be42"},
    {file = "emath-0.3.1-cp314-cp314-win32.whl", hash = "sha256:df62d5f1418fd831e64aedc7efac225f300c9d0c5281b60c893efb0779e73dcd"},
    {file = "emath-0.3.1-cp314-cp314-win_amd64.whl", hash = "sha256:c7bb03e53f51932b94af7aca26fe1af58797bfa535192e7fab73696554d55e75"},
    {file = "emath-0.3.1.tar.gz", hash = "sha256:b517f6d22c0cc968a5fa7426e0ddaea26f0dcaaf519361f281c083fb06307be1"},
]

[[package]]
name = "iniconfig"
version = "2.1.0"
description = "brain-dead simple config-ini parsing"
optional = false
python-versions = ">=3.8"
groups = ["dev"]
files = [
    {file = "iniconfig-2.1.0-py3-none-any.whl", hash = "sha256:9deba5723312380e77435581c6bf4935c94cbfab9b1ed33ef8d238ea168eb760"},
    {file = "iniconfig-2.1.0.tar.gz", hash = "sha256:3abbd2e30b36733fee78f9c7f7308f2d0050e88f0087fd25c2645f63c773e1c7"},
]

[[package]]
name = "packaging"
version = "25.0"
description = "Core utilities for Python packages"
optional = false
python-versions = ">=3.8"
groups = ["dev"]
files = [
    {file = "packaging-25.0-py3-none-any.whl", hash = "sha256:29572ef2b1f17581046b3a2227d5c611fb25ec70ca1ba8554b24b0e69331a484"},
    {file = "packaging-25.0.tar.gz", hash = "sha256:d443872c98d677bf60f6a1f2f8c1cb748e8fe762d2bf9d3148b5599295b0fc4f"},
]

[[package]]
name = "pluggy"
version = "1.6.0"
description = "plugin and hook calling mechanisms for python"
optional = false
python-versions = ">=3.9"
groups = ["dev"]
files = [
    {file = "pluggy-1.6.0-py3-none-any.whl", hash = "sha256:e920276dd6813095e9377c0bc5566d94c932c33b27a3e3945d8389c374dd4746"},
    {file = "pluggy-1.6.0.tar.gz", hash = "sha256:7dcc130b76258d33b90f61b658791dede3486c3e6bfb003ee5c9bfb396dd22f3"},
]

[package.extras]
dev = ["pre-commit", "tox"]
testing = ["coverage", "pytest", "pytest-benchmark"]

[[package]]
name = "pytest"
version = "7.4.3"
description = "pytest: simple powerful testing with Python"
optional = false
python-versions = ">=3.7"
groups = ["dev"]
files = [
    {file = "pytest-7.4.3-py3-none-any.whl", hash = "sha256:0d009c083ea859a71b76adf7c1d502e4bc170b80a8ef002da5806527b9591fac"},
    {file = "pytest-7.4.3.tar.gz", hash = "sha256:d989d136982de4e3b29dabcc838ad581c64e8ed52c11fbe86ddebd9da0818cd5"},
]

[package.dependencies]
colorama = {version = "*", markers = "sys_platform == \"win32\""}
iniconfig = "*"
packaging = "*"
pluggy = ">=0.12,<2.0"

[package.extras]
testing = ["argcomplete", "attrs (>=19.2.0)", "hypothesis (>=3.56)", "mock", "nose", "pygments (>=2.7.2)", "requests", "setuptools", "xmlschema"]

[[package]]
name = "pytest-cov"
version = "4.1.0"
description = "Pytest plugin for measuring coverage."
optional = false
python-versions = ">=3.7"
groups = ["dev"]
files = [
    {file = "pytest-cov-4.1.0.tar.gz", hash = "sha256:3904b13dfbfec47f003b8e77fd5b589cd11904a21ddf1ab38a64f204d6a10ef6"},
    {file = "pytest_cov-4.1.0-py3-none-any.whl", hash = "sha256:6ba70b9e97e69fcc3fb45bfeab2d0a138fb65c4d0d6a41ef33983ad114be8c3a"},
]

[package.dependencies]
coverage = {version = ">=5.2.1", extras = ["toml"]}
pytest = ">=4.6"

[package.extras]
testing = ["fields", "hunter", "process-tests", "pytest-xdist", "six", "virtualenv"]

[[package]]
name = "pywin32"
version = "311"
description = "Python for Window Extensions"
optional = false
python-versions = "*"
groups = ["dev"]
markers = "sys_platform == \"win32\""
files = [
    {file = "pywin32-311-cp310-cp310-win32.whl", hash = "sha256:d03ff496d2a0cd4a5893504789d4a15399133fe82517455e78bad62efbb7f0a3"},
    {file = "pywin32-311-cp310-cp310-win_amd64.whl", hash = "sha256:797c2772017851984b97180b0bebe4b620bb86328e8a884bb626156295a63b3b"},
    {file = "pywin32-311-cp310-cp310-win_arm64.whl", hash = "sha256:0502d1facf1fed4839a9a51ccbcc63d952cf318f78ffc00a7e78528ac27d7a2b"},
    {file = "pywin32-311-cp311-cp311-win32.whl", hash = "sha256:184eb5e436dea364dcd3d2316d577d625c0351bf237c4e9a5fabbcfa5a58b151"},
    {file = "pywin32-311-cp311-cp311-win_amd64.whl", hash = "sha256:3ce80b34b22b17ccbd937a6e78e7225d80c52f5ab9940fe0506a1a16f3dab503"},
    {file = "pywin32-311-cp311-cp311-win_arm64.whl", hash = "sha256:a733f1388e1a842abb67ffa8e7aad0e70ac519e09b0f6a784e65a136ec7cefd2"},
    {file = "pywin32-311-cp312-cp312-win32.whl", hash = "sha256:750ec6e621af2b948540032557b10a2d43b0cee2ae9758c54154d711cc852d31"},
    {file = "pywin32-311-cp312-cp312-win_amd64.whl", hash = "sha256:b8c095edad5c211ff31c05223658e71bf7116daa0ecf3ad85f3201ea3190d067"},
    {file = "pywin32-311-cp312-cp312-win_arm64.whl", hash = "sha256:e286f46a9a39c4a18b319c28f59b61de793654af2f395c102b4f819e584b5852"},
    {file = "pywin32-311-cp313-cp313-win32.whl", hash = "sha256:f95ba5a847cba10dd8c4d8fefa9f2a6cf283b8b88ed6178fa8a6c1ab16054d0d"},
    {file = "pywin32-311-cp313-cp313-win_amd64.whl", hash = "sha256:718a38f7e5b058e76aee1c56ddd06908116d35147e133427e59a3983f703a20d"},
    {file = "pywin32-311-cp313-cp313-win_arm64.whl", hash = "sha256:7b4075d959648406202d92a2310cb990fea19b535c7f4a78d3f5e10b926eeb8a"},
    {file = "pywin32-311-cp314-cp314-win32.whl", hash = "sha256:b7a2c10b93f8986666d0c803ee19b5990885872a7de910fc460f9b0c2fbf92ee"},
    {file = "pywin32-311-cp314-cp314-win_amd64.whl", hash = "sha256:3aca44c046bd2ed8c90de9cb8427f581c479e594e99b5c0bb19b29c10fd6cb87"},
    {file = "pywin32-311-cp314-cp314-win_arm64.whl", hash = "sha256:a508e2d9025764a8270f93111a970e1d0fbfc33f4153b388bb649b7eec4f9b42"},
    {file = "pywin32-311-cp38-cp38-win32.whl", hash = "sha256:6c6f2969607b5023b0d9ce2541f8d2cbb01c4f46bc87456017cf63b73f1e2d8c"},
    {file = "pywin32-311-cp38-cp38-win_amd64.whl", hash = "sha256:c8015b09fb9a5e188f83b7b04de91ddca4658cee2ae6f3bc483f0b21a77ef6cd"},
    {file = "pywin32-311-cp39-cp39-win32.whl", hash = "sha256:aba8f82d551a942cb20d4a83413ccbac30790b50efb89a75e4f586ac0bb8056b"},
    {file = "pywin32-311-cp39-cp39-win_amd64.whl", hash = "sha256:e0c4cfb0621281fe40387df582097fd796e80430597cb9944f0ae70447bacd91"},
    {file = "pywin32-311-cp39-cp39-win_arm64.whl", hash = "sha256:62ea666235135fee79bb154e695f3ff67370afefd71bd7fea7512fc70ef31e3d"},
]

[metadata]
lock-version = "2.1"
python-versions = "^3.12"
content-hash = "f7e75e25e58094817f9e88b982bbebe64b1956e3fbe9b8c39b39f2c25f1606d8"
